
Microsoft Visual Studio Solution File, Format Version 12.00
# Visual Studio Version 16
VisualStudioVersion = 16.0.29409.12
MinimumVisualStudioVersion = 10.0.40219.1
Project("{FAE04EC0-301F-11D3-BF4B-00C04F79EFBC}") = "Angle", "Angle\Angle.csproj", "{482B574E-D58E-4AC4-B62B-9F6B945AE4CA}"
EndProject
Global
	GlobalSection(SolutionConfigurationPlatforms) = preSolution
		Debug|Any CPU = Debug|Any CPU
		Release|Any CPU = Release|Any CPU
	EndGlobalSection
	GlobalSection(ProjectConfigurationPlatforms) = postSolution
		{482B574E-D58E-4AC4-B62B-9F6B945AE4CA}.Debug|Any CPU.ActiveCfg = Debug|Any CPU
		{482B574E-D58E-4AC4-B62B-9F6B945AE4CA}.Debug|Any CPU.Build.0 = Debug|Any CPU
		{482B574E-D58E-4AC4-B62B-9F6B945AE4CA}.Release|Any CPU.ActiveCfg = Release|Any CPU
		{482B574E-D58E-4AC4-B62B-9F6B945AE4CA}.Release|Any CPU.Build.0 = Release|Any CPU
	EndGlobalSection
	GlobalSection(SolutionProperties) = preSolution
		HideSolutionNode = FALSE
	EndGlobalSection
	GlobalSection(ExtensibilityGlobals) = postSolution
		SolutionGuid = {2C35462C-5001-4DF0-A654-F9132AAA7F54}
	EndGlobalSection
EndGlobal
